
Microsoft Visual Studio Solution File, Format Version 12.00
# Visual Studio Version 17
VisualStudioVersion = 17.11.35327.3
MinimumVisualStudioVersion = 10.0.40219.1
Project("{2150E333-8FDC-42A3-9474-1A3956D46DE8}") = "Services", "Services", "{04A33F97-8FD4-4668-A18D-BEF556A44583}"
EndProject
Project("{2150E333-8FDC-42A3-9474-1A3956D46DE8}") = "Catalog", "Catalog", "{EEFE07D0-C2ED-42ED-AE58-6CE93217A773}"
EndProject
Project("{9A19103F-16F7-4668-BE54-9A1E7A4F7556}") = "vetFoodShop.Catalog", "Services\Catalog\vetFoodShop.Catalog\vetFoodShop.Catalog.csproj", "{50BC0CAD-BA37-429D-88A7-46F0FFA962E1}"
EndProject
Project("{2150E333-8FDC-42A3-9474-1A3956D46DE8}") = "Discount", "Discount", "{7651AA28-26CB-4D1C-BFD3-4BF540B0FCDA}"
EndProject
Project("{9A19103F-16F7-4668-BE54-9A1E7A4F7556}") = "vetFoodShop.Discount", "Services\Discount\vetFoodShop.Discount\vetFoodShop.Discount.csproj", "{1D340922-0EAE-4211-878C-EA3FD0EBF910}"
EndProject
Project("{2150E333-8FDC-42A3-9474-1A3956D46DE8}") = "Order", "Order", "{8939D84B-C629-427E-A705-2972E1F9A0D0}"
EndProject
Project("{2150E333-8FDC-42A3-9474-1A3956D46DE8}") = "Core", "Core", "{149B7326-9DE8-4128-BC4E-11146B75807C}"
EndProject
Project("{2150E333-8FDC-42A3-9474-1A3956D46DE8}") = "Infrastructure", "Infrastructure", "{076484F3-F16E-4340-B6C0-5D76730AFB13}"
EndProject
Project("{2150E333-8FDC-42A3-9474-1A3956D46DE8}") = "Presentation", "Presentation", "{93F8A692-4E24-40B1-99F4-3F7BD5DFA7F2}"
EndProject
Project("{9A19103F-16F7-4668-BE54-9A1E7A4F7556}") = "vetFoodShop.Order.Domain", "Services\Order\Core\vetFoodShop.Order.Domain\vetFoodShop.Order.Domain.csproj", "{FF015213-1160-4D98-A2B1-4ED70FB74196}"
EndProject
Project("{9A19103F-16F7-4668-BE54-9A1E7A4F7556}") = "vetFoodShop.Order.Application", "Services\Order\Core\vetFoodShop.Order.Application\vetFoodShop.Order.Application.csproj", "{5D94CA12-B51A-46AE-BA73-A9250B35D0FD}"
EndProject
Project("{9A19103F-16F7-4668-BE54-9A1E7A4F7556}") = "vetFoodShop.Order.Persistence", "Services\Order\Infrastructure\vetFoodShop.Order.Persistence\vetFoodShop.Order.Persistence.csproj", "{4CC94B55-76F9-4890-860F-A40C8D067C81}"
EndProject
Project("{9A19103F-16F7-4668-BE54-9A1E7A4F7556}") = "vetFoodShop.Order.WebApi", "Services\Order\Presentation\vetFoodShop.Order.WebApi\vetFoodShop.Order.WebApi.csproj", "{03EB9EC0-A074-4FF6-80DD-0F3EE6ABAF8B}"
EndProject
Project("{2150E333-8FDC-42A3-9474-1A3956D46DE8}") = "IdentityServer", "IdentityServer", "{B898CA2F-6D59-4A6F-8BA8-34FC97969849}"
EndProject
Project("{9A19103F-16F7-4668-BE54-9A1E7A4F7556}") = "vetFoodShop.IdentityServer", "IdentityServer\vetFoodShop.IdentityServer\vetFoodShop.IdentityServer.csproj", "{C12560BD-5B9A-4AE8-ADBD-F42A8E8284A0}"
EndProject
Project("{2150E333-8FDC-42A3-9474-1A3956D46DE8}") = "Requirements", "Requirements", "{9EB827AD-5DE9-4E12-97BA-61B18B9D1E54}"
	ProjectSection(SolutionItems) = preProject
		PortainerCmd.txt = PortainerCmd.txt
	EndProjectSection
EndProject
Global
	GlobalSection(SolutionConfigurationPlatforms) = preSolution
		Debug|Any CPU = Debug|Any CPU
		Release|Any CPU = Release|Any CPU
	EndGlobalSection
	GlobalSection(ProjectConfigurationPlatforms) = postSolution
		{50BC0CAD-BA37-429D-88A7-46F0FFA962E1}.Debug|Any CPU.ActiveCfg = Debug|Any CPU
		{50BC0CAD-BA37-429D-88A7-46F0FFA962E1}.Debug|Any CPU.Build.0 = Debug|Any CPU
		{50BC0CAD-BA37-429D-88A7-46F0FFA962E1}.Release|Any CPU.ActiveCfg = Release|Any CPU
		{50BC0CAD-BA37-429D-88A7-46F0FFA962E1}.Release|Any CPU.Build.0 = Release|Any CPU
		{1D340922-0EAE-4211-878C-EA3FD0EBF910}.Debug|Any CPU.ActiveCfg = Debug|Any CPU
		{1D340922-0EAE-4211-878C-EA3FD0EBF910}.Debug|Any CPU.Build.0 = Debug|Any CPU
		{1D340922-0EAE-4211-878C-EA3FD0EBF910}.Release|Any CPU.ActiveCfg = Release|Any CPU
		{1D340922-0EAE-4211-878C-EA3FD0EBF910}.Release|Any CPU.Build.0 = Release|Any CPU
		{FF015213-1160-4D98-A2B1-4ED70FB74196}.Debug|Any CPU.ActiveCfg = Debug|Any CPU
		{FF015213-1160-4D98-A2B1-4ED70FB74196}.Debug|Any CPU.Build.0 = Debug|Any CPU
		{FF015213-1160-4D98-A2B1-4ED70FB74196}.Release|Any CPU.ActiveCfg = Release|Any CPU
		{FF015213-1160-4D98-A2B1-4ED70FB74196}.Release|Any CPU.Build.0 = Release|Any CPU
		{5D94CA12-B51A-46AE-BA73-A9250B35D0FD}.Debug|Any CPU.ActiveCfg = Debug|Any CPU
		{5D94CA12-B51A-46AE-BA73-A9250B35D0FD}.Debug|Any CPU.Build.0 = Debug|Any CPU
		{5D94CA12-B51A-46AE-BA73-A9250B35D0FD}.Release|Any CPU.ActiveCfg = Release|Any CPU
		{5D94CA12-B51A-46AE-BA73-A9250B35D0FD}.Release|Any CPU.Build.0 = Release|Any CPU
		{4CC94B55-76F9-4890-860F-A40C8D067C81}.Debug|Any CPU.ActiveCfg = Debug|Any CPU
		{4CC94B55-76F9-4890-860F-A40C8D067C81}.Debug|Any CPU.Build.0 = Debug|Any CPU
		{4CC94B55-76F9-4890-860F-A40C8D067C81}.Release|Any CPU.ActiveCfg = Release|Any CPU
		{4CC94B55-76F9-4890-860F-A40C8D067C81}.Release|Any CPU.Build.0 = Release|Any CPU
		{03EB9EC0-A074-4FF6-80DD-0F3EE6ABAF8B}.Debug|Any CPU.ActiveCfg = Debug|Any CPU
		{03EB9EC0-A074-4FF6-80DD-0F3EE6ABAF8B}.Debug|Any CPU.Build.0 = Debug|Any CPU
		{03EB9EC0-A074-4FF6-80DD-0F3EE6ABAF8B}.Release|Any CPU.ActiveCfg = Release|Any CPU
		{03EB9EC0-A074-4FF6-80DD-0F3EE6ABAF8B}.Release|Any CPU.Build.0 = Release|Any CPU
		{C12560BD-5B9A-4AE8-ADBD-F42A8E8284A0}.Debug|Any CPU.ActiveCfg = Debug|Any CPU
		{C12560BD-5B9A-4AE8-ADBD-F42A8E8284A0}.Debug|Any CPU.Build.0 = Debug|Any CPU
		{C12560BD-5B9A-4AE8-ADBD-F42A8E8284A0}.Release|Any CPU.ActiveCfg = Release|Any CPU
		{C12560BD-5B9A-4AE8-ADBD-F42A8E8284A0}.Release|Any CPU.Build.0 = Release|Any CPU
	EndGlobalSection
	GlobalSection(SolutionProperties) = preSolution
		HideSolutionNode = FALSE
	EndGlobalSection
	GlobalSection(NestedProjects) = preSolution
		{EEFE07D0-C2ED-42ED-AE58-6CE93217A773} = {04A33F97-8FD4-4668-A18D-BEF556A44583}
		{50BC0CAD-BA37-429D-88A7-46F0FFA962E1} = {EEFE07D0-C2ED-42ED-AE58-6CE93217A773}
		{7651AA28-26CB-4D1C-BFD3-4BF540B0FCDA} = {04A33F97-8FD4-4668-A18D-BEF556A44583}
		{1D340922-0EAE-4211-878C-EA3FD0EBF910} = {7651AA28-26CB-4D1C-BFD3-4BF540B0FCDA}
		{8939D84B-C629-427E-A705-2972E1F9A0D0} = {04A33F97-8FD4-4668-A18D-BEF556A44583}
		{149B7326-9DE8-4128-BC4E-11146B75807C} = {8939D84B-C629-427E-A705-2972E1F9A0D0}
		{076484F3-F16E-4340-B6C0-5D76730AFB13} = {8939D84B-C629-427E-A705-2972E1F9A0D0}
		{93F8A692-4E24-40B1-99F4-3F7BD5DFA7F2} = {8939D84B-C629-427E-A705-2972E1F9A0D0}
		{FF015213-1160-4D98-A2B1-4ED70FB74196} = {149B7326-9DE8-4128-BC4E-11146B75807C}
		{5D94CA12-B51A-46AE-BA73-A9250B35D0FD} = {149B7326-9DE8-4128-BC4E-11146B75807C}
		{4CC94B55-76F9-4890-860F-A40C8D067C81} = {076484F3-F16E-4340-B6C0-5D76730AFB13}
		{03EB9EC0-A074-4FF6-80DD-0F3EE6ABAF8B} = {93F8A692-4E24-40B1-99F4-3F7BD5DFA7F2}
		{C12560BD-5B9A-4AE8-ADBD-F42A8E8284A0} = {B898CA2F-6D59-4A6F-8BA8-34FC97969849}
	EndGlobalSection
	GlobalSection(ExtensibilityGlobals) = postSolution
		SolutionGuid = {8153E818-E5A6-43FD-B5C0-04096A5B29FA}
	EndGlobalSection
EndGlobal
