
Microsoft Visual Studio Solution File, Format Version 12.00
# Visual Studio Version 17
VisualStudioVersion = 17.11.35327.3
MinimumVisualStudioVersion = 10.0.40219.1
Project("{2150E333-8FDC-42A3-9474-1A3956D46DE8}") = "Services", "Services", "{04A33F97-8FD4-4668-A18D-BEF556A44583}"
EndProject
Project("{2150E333-8FDC-42A3-9474-1A3956D46DE8}") = "Catalog", "Catalog", "{EEFE07D0-C2ED-42ED-AE58-6CE93217A773}"
EndProject
Project("{9A19103F-16F7-4668-BE54-9A1E7A4F7556}") = "vetFoodShop.Catalog", "Services\Catalog\vetFoodShop.Catalog\vetFoodShop.Catalog.csproj", "{50BC0CAD-BA37-429D-88A7-46F0FFA962E1}"
EndProject
Project("{2150E333-8FDC-42A3-9474-1A3956D46DE8}") = "Discount", "Discount", "{7651AA28-26CB-4D1C-BFD3-4BF540B0FCDA}"
EndProject
Project("{FAE04EC0-301F-11D3-BF4B-00C04F79EFBC}") = "vetFoodShop.Discount", "Services\Discount\vetFoodShop.Discount\vetFoodShop.Discount.csproj", "{1D340922-0EAE-4211-878C-EA3FD0EBF910}"
EndProject
Global
	GlobalSection(SolutionConfigurationPlatforms) = preSolution
		Debug|Any CPU = Debug|Any CPU
		Release|Any CPU = Release|Any CPU
	EndGlobalSection
	GlobalSection(ProjectConfigurationPlatforms) = postSolution
		{50BC0CAD-BA37-429D-88A7-46F0FFA962E1}.Debug|Any CPU.ActiveCfg = Debug|Any CPU
		{50BC0CAD-BA37-429D-88A7-46F0FFA962E1}.Debug|Any CPU.Build.0 = Debug|Any CPU
		{50BC0CAD-BA37-429D-88A7-46F0FFA962E1}.Release|Any CPU.ActiveCfg = Release|Any CPU
		{50BC0CAD-BA37-429D-88A7-46F0FFA962E1}.Release|Any CPU.Build.0 = Release|Any CPU
		{1D340922-0EAE-4211-878C-EA3FD0EBF910}.Debug|Any CPU.ActiveCfg = Debug|Any CPU
		{1D340922-0EAE-4211-878C-EA3FD0EBF910}.Debug|Any CPU.Build.0 = Debug|Any CPU
		{1D340922-0EAE-4211-878C-EA3FD0EBF910}.Release|Any CPU.ActiveCfg = Release|Any CPU
		{1D340922-0EAE-4211-878C-EA3FD0EBF910}.Release|Any CPU.Build.0 = Release|Any CPU
	EndGlobalSection
	GlobalSection(SolutionProperties) = preSolution
		HideSolutionNode = FALSE
	EndGlobalSection
	GlobalSection(NestedProjects) = preSolution
		{EEFE07D0-C2ED-42ED-AE58-6CE93217A773} = {04A33F97-8FD4-4668-A18D-BEF556A44583}
		{50BC0CAD-BA37-429D-88A7-46F0FFA962E1} = {EEFE07D0-C2ED-42ED-AE58-6CE93217A773}
		{7651AA28-26CB-4D1C-BFD3-4BF540B0FCDA} = {04A33F97-8FD4-4668-A18D-BEF556A44583}
		{1D340922-0EAE-4211-878C-EA3FD0EBF910} = {7651AA28-26CB-4D1C-BFD3-4BF540B0FCDA}
	EndGlobalSection
	GlobalSection(ExtensibilityGlobals) = postSolution
		SolutionGuid = {8153E818-E5A6-43FD-B5C0-04096A5B29FA}
	EndGlobalSection
EndGlobal
